
Microsoft Visual Studio Solution File, Format Version 12.00
# Visual Studio Version 16
VisualStudioVersion = 16.0.31729.503
MinimumVisualStudioVersion = 10.0.40219.1
Project("{FAE04EC0-301F-11D3-BF4B-00C04F79EFBC}") = "API", "API\API.csproj", "{5F1F22FA-9360-46D2-BC67-EE6EE2DF0229}"
EndProject
Global
	GlobalSection(SolutionConfigurationPlatforms) = preSolution
		Debug|Any CPU = Debug|Any CPU
		Release|Any CPU = Release|Any CPU
	EndGlobalSection
	GlobalSection(ProjectConfigurationPlatforms) = postSolution
		{5F1F22FA-9360-46D2-BC67-EE6EE2DF0229}.Debug|Any CPU.ActiveCfg = Debug|Any CPU
		{5F1F22FA-9360-46D2-BC67-EE6EE2DF0229}.Debug|Any CPU.Build.0 = Debug|Any CPU
		{5F1F22FA-9360-46D2-BC67-EE6EE2DF0229}.Release|Any CPU.ActiveCfg = Release|Any CPU
		{5F1F22FA-9360-46D2-BC67-EE6EE2DF0229}.Release|Any CPU.Build.0 = Release|Any CPU
	EndGlobalSection
	GlobalSection(SolutionProperties) = preSolution
		HideSolutionNode = FALSE
	EndGlobalSection
	GlobalSection(ExtensibilityGlobals) = postSolution
		SolutionGuid = {11E9D9E5-E578-4048-A071-1614B4236D26}
	EndGlobalSection
EndGlobal
